
Microsoft Visual Studio Solution File, Format Version 12.00
# Visual Studio 15
VisualStudioVersion = 15.0.26430.16
MinimumVisualStudioVersion = 10.0.40219.1
Project("{FAE04EC0-301F-11D3-BF4B-00C04F79EFBC}") = "CelesteBot-Everest-Interop", "CelesteBot-Everest-Interop.csproj", "{8C807862-7936-4753-9E6B-499D38111BDD}"
EndProject
Global
	GlobalSection(SolutionConfigurationPlatforms) = preSolution
		Debug|Any CPU = Debug|Any CPU
		Release|Any CPU = Release|Any CPU
	EndGlobalSection
	GlobalSection(ProjectConfigurationPlatforms) = postSolution
		{8C807862-7936-4753-9E6B-499D38111BDD}.Debug|Any CPU.ActiveCfg = Debug|Any CPU
		{8C807862-7936-4753-9E6B-499D38111BDD}.Debug|Any CPU.Build.0 = Debug|Any CPU
		{8C807862-7936-4753-9E6B-499D38111BDD}.Release|Any CPU.ActiveCfg = Release|Any CPU
		{8C807862-7936-4753-9E6B-499D38111BDD}.Release|Any CPU.Build.0 = Release|Any CPU
	EndGlobalSection
	GlobalSection(SolutionProperties) = preSolution
		HideSolutionNode = FALSE
	EndGlobalSection
EndGlobal
